
Microsoft Visual Studio Solution File, Format Version 12.00
# Visual Studio Version 16
VisualStudioVersion = 16.0.28803.352
MinimumVisualStudioVersion = 10.0.40219.1
Project("{FAE04EC0-301F-11D3-BF4B-00C04F79EFBC}") = "HtmlCloner", "HtmlCloner\HtmlCloner.csproj", "{82BB568B-88C5-481A-BD5C-44FCB47E0B39}"
EndProject
Global
	GlobalSection(SolutionConfigurationPlatforms) = preSolution
		Debug|Any CPU = Debug|Any CPU
		Release|Any CPU = Release|Any CPU
	EndGlobalSection
	GlobalSection(ProjectConfigurationPlatforms) = postSolution
		{82BB568B-88C5-481A-BD5C-44FCB47E0B39}.Debug|Any CPU.ActiveCfg = Debug|Any CPU
		{82BB568B-88C5-481A-BD5C-44FCB47E0B39}.Debug|Any CPU.Build.0 = Debug|Any CPU
		{82BB568B-88C5-481A-BD5C-44FCB47E0B39}.Release|Any CPU.ActiveCfg = Release|Any CPU
		{82BB568B-88C5-481A-BD5C-44FCB47E0B39}.Release|Any CPU.Build.0 = Release|Any CPU
	EndGlobalSection
	GlobalSection(SolutionProperties) = preSolution
		HideSolutionNode = FALSE
	EndGlobalSection
	GlobalSection(ExtensibilityGlobals) = postSolution
		SolutionGuid = {6720F6B8-1EB7-462B-A83D-DA35B4DC84EA}
	EndGlobalSection
EndGlobal
